// !$*UTF8*$!
{
	archiveVersion = 1;
	classes = {
	};
	objectVersion = 55;
	objects = {

/* Begin PBXBuildFile section */
		82EAFA2B5EF30EFA9CD3A5D2 /* Pods_Parstagram_ParstagramUITests.framework in Frameworks */ = {isa = PBXBuildFile; fileRef = 96FEA361B1958B13947C198B /* Pods_Parstagram_ParstagramUITests.framework */; };
		8C4AF39A27F400B30091609C /* LoginViewController.swift in Sources */ = {isa = PBXBuildFile; fileRef = 8C4AF39927F400B30091609C /* LoginViewController.swift */; };
		8C4AF39C27F400C00091609C /* FeedViewController.swift in Sources */ = {isa = PBXBuildFile; fileRef = 8C4AF39B27F400C00091609C /* FeedViewController.swift */; };
		8C4AF39E27F4054A0091609C /* CameraViewController.swift in Sources */ = {isa = PBXBuildFile; fileRef = 8C4AF39D27F4054A0091609C /* CameraViewController.swift */; };
		8C4AF3A027F40C370091609C /* PostCell.swift in Sources */ = {isa = PBXBuildFile; fileRef = 8C4AF39F27F40C370091609C /* PostCell.swift */; };
		8C4AF3A227F4158D0091609C /* CommentCell.swift in Sources */ = {isa = PBXBuildFile; fileRef = 8C4AF3A127F4158D0091609C /* CommentCell.swift */; };
		8CC2FC9827F3F82F006D756A /* AppDelegate.swift in Sources */ = {isa = PBXBuildFile; fileRef = 8CC2FC9727F3F82F006D756A /* AppDelegate.swift */; };
		8CC2FC9A27F3F82F006D756A /* SceneDelegate.swift in Sources */ = {isa = PBXBuildFile; fileRef = 8CC2FC9927F3F82F006D756A /* SceneDelegate.swift */; };
		8CC2FC9F27F3F82F006D756A /* Main.storyboard in Resources */ = {isa = PBXBuildFile; fileRef = 8CC2FC9D27F3F82F006D756A /* Main.storyboard */; };
		8CC2FCA127F3F833006D756A /* Assets.xcassets in Resources */ = {isa = PBXBuildFile; fileRef = 8CC2FCA027F3F833006D756A /* Assets.xcassets */; };
		8CC2FCA427F3F833006D756A /* LaunchScreen.storyboard in Resources */ = {isa = PBXBuildFile; fileRef = 8CC2FCA227F3F833006D756A /* LaunchScreen.storyboard */; };
		8CC2FCAF27F3F834006D756A /* ParstagramTests.swift in Sources */ = {isa = PBXBuildFile; fileRef = 8CC2FCAE27F3F834006D756A /* ParstagramTests.swift */; };
		8CC2FCB927F3F834006D756A /* ParstagramUITests.swift in Sources */ = {isa = PBXBuildFile; fileRef = 8CC2FCB827F3F834006D756A /* ParstagramUITests.swift */; };
		8CC2FCBB27F3F834006D756A /* ParstagramUITestsLaunchTests.swift in Sources */ = {isa = PBXBuildFile; fileRef = 8CC2FCBA27F3F834006D756A /* ParstagramUITestsLaunchTests.swift */; };
		C3800B5DB9543E0FA9DDFC2C /* Pods_Parstagram.framework in Frameworks */ = {isa = PBXBuildFile; fileRef = 5D14837B61F341803CEBDC71 /* Pods_Parstagram.framework */; };
		F903156A35BA052429F26CF3 /* Pods_ParstagramTests.framework in Frameworks */ = {isa = PBXBuildFile; fileRef = 3726F2BD0B085AD473F70780 /* Pods_ParstagramTests.framework */; };
/* End PBXBuildFile section */

/* Begin PBXContainerItemProxy section */
		8CC2FCAB27F3F834006D756A /* PBXContainerItemProxy */ = {
			isa = PBXContainerItemProxy;
			containerPortal = 8CC2FC8C27F3F82E006D756A /* Project object */;
			proxyType = 1;
			remoteGlobalIDString = 8CC2FC9327F3F82F006D756A;
			remoteInfo = Parstagram;
		};
		8CC2FCB527F3F834006D756A /* PBXContainerItemProxy */ = {
			isa = PBXContainerItemProxy;
			containerPortal = 8CC2FC8C27F3F82E006D756A /* Project object */;
			proxyType = 1;
			remoteGlobalIDString = 8CC2FC9327F3F82F006D756A;
			remoteInfo = Parstagram;
		};
/* End PBXContainerItemProxy section */

/* Begin PBXFileReference section */
		241B1EA7CF7EB120220AA930 /* Pods-ParstagramTests.release.xcconfig */ = {isa = PBXFileReference; includeInIndex = 1; lastKnownFileType = text.xcconfig; name = "Pods-ParstagramTests.release.xcconfig"; path = "Target Support Files/Pods-ParstagramTests/Pods-ParstagramTests.release.xcconfig"; sourceTree = "<group>"; };
		295765EEBB26DCB18CCAABCB /* Pods-Parstagram-ParstagramUITests.debug.xcconfig */ = {isa = PBXFileReference; includeInIndex = 1; lastKnownFileType = text.xcconfig; name = "Pods-Parstagram-ParstagramUITests.debug.xcconfig"; path = "Target Support Files/Pods-Parstagram-ParstagramUITests/Pods-Parstagram-ParstagramUITests.debug.xcconfig"; sourceTree = "<group>"; };
		3726F2BD0B085AD473F70780 /* Pods_ParstagramTests.framework */ = {isa = PBXFileReference; explicitFileType = wrapper.framework; includeInIndex = 0; path = Pods_ParstagramTests.framework; sourceTree = BUILT_PRODUCTS_DIR; };
		3ABFF014C7AED2CD8C5E3776 /* Pods-Parstagram.release.xcconfig */ = {isa = PBXFileReference; includeInIndex = 1; lastKnownFileType = text.xcconfig; name = "Pods-Parstagram.release.xcconfig"; path = "Target Support Files/Pods-Parstagram/Pods-Parstagram.release.xcconfig"; sourceTree = "<group>"; };
		5D14837B61F341803CEBDC71 /* Pods_Parstagram.framework */ = {isa = PBXFileReference; explicitFileType = wrapper.framework; includeInIndex = 0; path = Pods_Parstagram.framework; sourceTree = BUILT_PRODUCTS_DIR; };
		8277F90547B068345757F487 /* Pods-Parstagram.debug.xcconfig */ = {isa = PBXFileReference; includeInIndex = 1; lastKnownFileType = text.xcconfig; name = "Pods-Parstagram.debug.xcconfig"; path = "Target Support Files/Pods-Parstagram/Pods-Parstagram.debug.xcconfig"; sourceTree = "<group>"; };
		8C4AF39927F400B30091609C /* LoginViewController.swift */ = {isa = PBXFileReference; lastKnownFileType = sourcecode.swift; path = LoginViewController.swift; sourceTree = "<group>"; };
		8C4AF39B27F400C00091609C /* FeedViewController.swift */ = {isa = PBXFileReference; lastKnownFileType = sourcecode.swift; path = FeedViewController.swift; sourceTree = "<group>"; };
		8C4AF39D27F4054A0091609C /* CameraViewController.swift */ = {isa = PBXFileReference; lastKnownFileType = sourcecode.swift; path = CameraViewController.swift; sourceTree = "<group>"; };
		8C4AF39F27F40C370091609C /* PostCell.swift */ = {isa = PBXFileReference; lastKnownFileType = sourcecode.swift; path = PostCell.swift; sourceTree = "<group>"; };
		8C4AF3A127F4158D0091609C /* CommentCell.swift */ = {isa = PBXFileReference; lastKnownFileType = sourcecode.swift; path = CommentCell.swift; sourceTree = "<group>"; };
		8CC2FC9427F3F82F006D756A /* Parstagram.app */ = {isa = PBXFileReference; explicitFileType = wrapper.application; includeInIndex = 0; path = Parstagram.app; sourceTree = BUILT_PRODUCTS_DIR; };
		8CC2FC9727F3F82F006D756A /* AppDelegate.swift */ = {isa = PBXFileReference; lastKnownFileType = sourcecode.swift; path = AppDelegate.swift; sourceTree = "<group>"; };
		8CC2FC9927F3F82F006D756A /* SceneDelegate.swift */ = {isa = PBXFileReference; lastKnownFileType = sourcecode.swift; path = SceneDelegate.swift; sourceTree = "<group>"; };
		8CC2FC9E27F3F82F006D756A /* Base */ = {isa = PBXFileReference; lastKnownFileType = file.storyboard; name = Base; path = Base.lproj/Main.storyboard; sourceTree = "<group>"; };
		8CC2FCA027F3F833006D756A /* Assets.xcassets */ = {isa = PBXFileReference; lastKnownFileType = folder.assetcatalog; path = Assets.xcassets; sourceTree = "<group>"; };
		8CC2FCA327F3F833006D756A /* Base */ = {isa = PBXFileReference; lastKnownFileType = file.storyboard; name = Base; path = Base.lproj/LaunchScreen.storyboard; sourceTree = "<group>"; };
		8CC2FCA527F3F833006D756A /* Info.plist */ = {isa = PBXFileReference; lastKnownFileType = text.plist.xml; path = Info.plist; sourceTree = "<group>"; };
		8CC2FCAA27F3F834006D756A /* ParstagramTests.xctest */ = {isa = PBXFileReference; explicitFileType = wrapper.cfbundle; includeInIndex = 0; path = ParstagramTests.xctest; sourceTree = BUILT_PRODUCTS_DIR; };
		8CC2FCAE27F3F834006D756A /* ParstagramTests.swift */ = {isa = PBXFileReference; lastKnownFileType = sourcecode.swift; path = ParstagramTests.swift; sourceTree = "<group>"; };
		8CC2FCB427F3F834006D756A /* ParstagramUITests.xctest */ = {isa = PBXFileReference; explicitFileType = wrapper.cfbundle; includeInIndex = 0; path = ParstagramUITests.xctest; sourceTree = BUILT_PRODUCTS_DIR; };
		8CC2FCB827F3F834006D756A /* ParstagramUITests.swift */ = {isa = PBXFileReference; lastKnownFileType = sourcecode.swift; path = ParstagramUITests.swift; sourceTree = "<group>"; };
		8CC2FCBA27F3F834006D756A /* ParstagramUITestsLaunchTests.swift */ = {isa = PBXFileReference; lastKnownFileType = sourcecode.swift; path = ParstagramUITestsLaunchTests.swift; sourceTree = "<group>"; };
		96FEA361B1958B13947C198B /* Pods_Parstagram_ParstagramUITests.framework */ = {isa = PBXFileReference; explicitFileType = wrapper.framework; includeInIndex = 0; path = Pods_Parstagram_ParstagramUITests.framework; sourceTree = BUILT_PRODUCTS_DIR; };
		A50BB56D6C4FDDF3B616943E /* Pods-Parstagram-ParstagramUITests.release.xcconfig */ = {isa = PBXFileReference; includeInIndex = 1; lastKnownFileType = text.xcconfig; name = "Pods-Parstagram-ParstagramUITests.release.xcconfig"; path = "Target Support Files/Pods-Parstagram-ParstagramUITests/Pods-Parstagram-ParstagramUITests.release.xcconfig"; sourceTree = "<group>"; };
		E135302BCB32F09A1293C732 /* Pods-ParstagramTests.debug.xcconfig */ = {isa = PBXFileReference; includeInIndex = 1; lastKnownFileType = text.xcconfig; name = "Pods-ParstagramTests.debug.xcconfig"; path = "Target Support Files/Pods-ParstagramTests/Pods-ParstagramTests.debug.xcconfig"; sourceTree = "<group>"; };
/* End PBXFileReference section */

/* Begin PBXFrameworksBuildPhase section */
		8CC2FC9127F3F82F006D756A /* Frameworks */ = {
			isa = PBXFrameworksBuildPhase;
			buildActionMask = 2147483647;
			files = (
				C3800B5DB9543E0FA9DDFC2C /* Pods_Parstagram.framework in Frameworks */,
			);
			runOnlyForDeploymentPostprocessing = 0;
		};
		8CC2FCA727F3F834006D756A /* Frameworks */ = {
			isa = PBXFrameworksBuildPhase;
			buildActionMask = 2147483647;
			files = (
				F903156A35BA052429F26CF3 /* Pods_ParstagramTests.framework in Frameworks */,
			);
			runOnlyForDeploymentPostprocessing = 0;
		};
		8CC2FCB127F3F834006D756A /* Frameworks */ = {
			isa = PBXFrameworksBuildPhase;
			buildActionMask = 2147483647;
			files = (
				82EAFA2B5EF30EFA9CD3A5D2 /* Pods_Parstagram_ParstagramUITests.framework in Frameworks */,
			);
			runOnlyForDeploymentPostprocessing = 0;
		};
/* End PBXFrameworksBuildPhase section */

/* Begin PBXGroup section */
		0F8E838C192966DE4F1E2BFA /* Frameworks */ = {
			isa = PBXGroup;
			children = (
				5D14837B61F341803CEBDC71 /* Pods_Parstagram.framework */,
				96FEA361B1958B13947C198B /* Pods_Parstagram_ParstagramUITests.framework */,
				3726F2BD0B085AD473F70780 /* Pods_ParstagramTests.framework */,
			);
			name = Frameworks;
			sourceTree = "<group>";
		};
		3189C6D7A4C859455561AD72 /* Pods */ = {
			isa = PBXGroup;
			children = (
				8277F90547B068345757F487 /* Pods-Parstagram.debug.xcconfig */,
				3ABFF014C7AED2CD8C5E3776 /* Pods-Parstagram.release.xcconfig */,
				295765EEBB26DCB18CCAABCB /* Pods-Parstagram-ParstagramUITests.debug.xcconfig */,
				A50BB56D6C4FDDF3B616943E /* Pods-Parstagram-ParstagramUITests.release.xcconfig */,
				E135302BCB32F09A1293C732 /* Pods-ParstagramTests.debug.xcconfig */,
				241B1EA7CF7EB120220AA930 /* Pods-ParstagramTests.release.xcconfig */,
			);
			path = Pods;
			sourceTree = "<group>";
		};
		8CC2FC8B27F3F82E006D756A = {
			isa = PBXGroup;
			children = (
				8CC2FC9627F3F82F006D756A /* Parstagram */,
				8CC2FCAD27F3F834006D756A /* ParstagramTests */,
				8CC2FCB727F3F834006D756A /* ParstagramUITests */,
				8CC2FC9527F3F82F006D756A /* Products */,
				3189C6D7A4C859455561AD72 /* Pods */,
				0F8E838C192966DE4F1E2BFA /* Frameworks */,
			);
			sourceTree = "<group>";
		};
		8CC2FC9527F3F82F006D756A /* Products */ = {
			isa = PBXGroup;
			children = (
				8CC2FC9427F3F82F006D756A /* Parstagram.app */,
				8CC2FCAA27F3F834006D756A /* ParstagramTests.xctest */,
				8CC2FCB427F3F834006D756A /* ParstagramUITests.xctest */,
			);
			name = Products;
			sourceTree = "<group>";
		};
		8CC2FC9627F3F82F006D756A /* Parstagram */ = {
			isa = PBXGroup;
			children = (
				8CC2FC9727F3F82F006D756A /* AppDelegate.swift */,
				8C4AF39B27F400C00091609C /* FeedViewController.swift */,
				8CC2FC9927F3F82F006D756A /* SceneDelegate.swift */,
				8C4AF39927F400B30091609C /* LoginViewController.swift */,
				8C4AF39D27F4054A0091609C /* CameraViewController.swift */,
				8CC2FC9D27F3F82F006D756A /* Main.storyboard */,
				8CC2FCA027F3F833006D756A /* Assets.xcassets */,
				8CC2FCA227F3F833006D756A /* LaunchScreen.storyboard */,
				8CC2FCA527F3F833006D756A /* Info.plist */,
				8C4AF39F27F40C370091609C /* PostCell.swift */,
				8C4AF3A127F4158D0091609C /* CommentCell.swift */,
			);
			path = Parstagram;
			sourceTree = "<group>";
		};
		8CC2FCAD27F3F834006D756A /* ParstagramTests */ = {
			isa = PBXGroup;
			children = (
				8CC2FCAE27F3F834006D756A /* ParstagramTests.swift */,
			);
			path = ParstagramTests;
			sourceTree = "<group>";
		};
		8CC2FCB727F3F834006D756A /* ParstagramUITests */ = {
			isa = PBXGroup;
			children = (
				8CC2FCB827F3F834006D756A /* ParstagramUITests.swift */,
				8CC2FCBA27F3F834006D756A /* ParstagramUITestsLaunchTests.swift */,
			);
			path = ParstagramUITests;
			sourceTree = "<group>";
		};
/* End PBXGroup section */

/* Begin PBXNativeTarget section */
		8CC2FC9327F3F82F006D756A /* Parstagram */ = {
			isa = PBXNativeTarget;
			buildConfigurationList = 8CC2FCBE27F3F834006D756A /* Build configuration list for PBXNativeTarget "Parstagram" */;
			buildPhases = (
				A5F379B5B2647485892A2F56 /* [CP] Check Pods Manifest.lock */,
				8CC2FC9027F3F82F006D756A /* Sources */,
				8CC2FC9127F3F82F006D756A /* Frameworks */,
				8CC2FC9227F3F82F006D756A /* Resources */,
				6D7D356A6CA7697B0AFE3E32 /* [CP] Embed Pods Frameworks */,
			);
			buildRules = (
			);
			dependencies = (
			);
			name = Parstagram;
			productName = Parstagram;
			productReference = 8CC2FC9427F3F82F006D756A /* Parstagram.app */;
			productType = "com.apple.product-type.application";
		};
		8CC2FCA927F3F834006D756A /* ParstagramTests */ = {
			isa = PBXNativeTarget;
			buildConfigurationList = 8CC2FCC127F3F834006D756A /* Build configuration list for PBXNativeTarget "ParstagramTests" */;
			buildPhases = (
				84325D6FE21F21BC302EDABB /* [CP] Check Pods Manifest.lock */,
				8CC2FCA627F3F834006D756A /* Sources */,
				8CC2FCA727F3F834006D756A /* Frameworks */,
				8CC2FCA827F3F834006D756A /* Resources */,
			);
			buildRules = (
			);
			dependencies = (
				8CC2FCAC27F3F834006D756A /* PBXTargetDependency */,
			);
			name = ParstagramTests;
			productName = ParstagramTests;
			productReference = 8CC2FCAA27F3F834006D756A /* ParstagramTests.xctest */;
			productType = "com.apple.product-type.bundle.unit-test";
		};
		8CC2FCB327F3F834006D756A /* ParstagramUITests */ = {
			isa = PBXNativeTarget;
			buildConfigurationList = 8CC2FCC427F3F834006D756A /* Build configuration list for PBXNativeTarget "ParstagramUITests" */;
			buildPhases = (
				E973A3C448BFE9E8D0D6DDB6 /* [CP] Check Pods Manifest.lock */,
				8CC2FCB027F3F834006D756A /* Sources */,
				8CC2FCB127F3F834006D756A /* Frameworks */,
				8CC2FCB227F3F834006D756A /* Resources */,
				B2357491FFEC270C223FA5F8 /* [CP] Embed Pods Frameworks */,
			);
			buildRules = (
			);
			dependencies = (
				8CC2FCB627F3F834006D756A /* PBXTargetDependency */,
			);
			name = ParstagramUITests;
			productName = ParstagramUITests;
			productReference = 8CC2FCB427F3F834006D756A /* ParstagramUITests.xctest */;
			productType = "com.apple.product-type.bundle.ui-testing";
		};
/* End PBXNativeTarget section */

/* Begin PBXProject section */
		8CC2FC8C27F3F82E006D756A /* Project object */ = {
			isa = PBXProject;
			attributes = {
				BuildIndependentTargetsInParallel = 1;
				LastSwiftUpdateCheck = 1310;
				LastUpgradeCheck = 1310;
				TargetAttributes = {
					8CC2FC9327F3F82F006D756A = {
						CreatedOnToolsVersion = 13.1;
					};
					8CC2FCA927F3F834006D756A = {
						CreatedOnToolsVersion = 13.1;
						TestTargetID = 8CC2FC9327F3F82F006D756A;
					};
					8CC2FCB327F3F834006D756A = {
						CreatedOnToolsVersion = 13.1;
						TestTargetID = 8CC2FC9327F3F82F006D756A;
					};
				};
			};
			buildConfigurationList = 8CC2FC8F27F3F82F006D756A /* Build configuration list for PBXProject "Parstagram" */;
			compatibilityVersion = "Xcode 13.0";
			developmentRegion = en;
			hasScannedForEncodings = 0;
			knownRegions = (
				en,
				Base,
			);
			mainGroup = 8CC2FC8B27F3F82E006D756A;
			productRefGroup = 8CC2FC9527F3F82F006D756A /* Products */;
			projectDirPath = "";
			projectRoot = "";
			targets = (
				8CC2FC9327F3F82F006D756A /* Parstagram */,
				8CC2FCA927F3F834006D756A /* ParstagramTests */,
				8CC2FCB327F3F834006D756A /* ParstagramUITests */,
			);
		};
/* End PBXProject section */

/* Begin PBXResourcesBuildPhase section */
		8CC2FC9227F3F82F006D756A /* Resources */ = {
			isa = PBXResourcesBuildPhase;
			buildActionMask = 2147483647;
			files = (
				8CC2FCA427F3F833006D756A /* LaunchScreen.storyboard in Resources */,
				8CC2FCA127F3F833006D756A /* Assets.xcassets in Resources */,
				8CC2FC9F27F3F82F006D756A /* Main.storyboard in Resources */,
			);
			runOnlyForDeploymentPostprocessing = 0;
		};
		8CC2FCA827F3F834006D756A /* Resources */ = {
			isa = PBXResourcesBuildPhase;
			buildActionMask = 2147483647;
			files = (
			);
			runOnlyForDeploymentPostprocessing = 0;
		};
		8CC2FCB227F3F834006D756A /* Resources */ = {
			isa = PBXResourcesBuildPhase;
			buildActionMask = 2147483647;
			files = (
			);
			runOnlyForDeploymentPostprocessing = 0;
		};
/* End PBXResourcesBuildPhase section */

/* Begin PBXShellScriptBuildPhase section */
		6D7D356A6CA7697B0AFE3E32 /* [CP] Embed Pods Frameworks */ = {
			isa = PBXShellScriptBuildPhase;
			buildActionMask = 2147483647;
			files = (
			);
			inputFileListPaths = (
				"${PODS_ROOT}/Target Support Files/Pods-Parstagram/Pods-Parstagram-frameworks-${CONFIGURATION}-input-files.xcfilelist",
			);
			name = "[CP] Embed Pods Frameworks";
			outputFileListPaths = (
				"${PODS_ROOT}/Target Support Files/Pods-Parstagram/Pods-Parstagram-frameworks-${CONFIGURATION}-output-files.xcfilelist",
			);
			runOnlyForDeploymentPostprocessing = 0;
			shellPath = /bin/sh;
			shellScript = "\"${PODS_ROOT}/Target Support Files/Pods-Parstagram/Pods-Parstagram-frameworks.sh\"\n";
			showEnvVarsInLog = 0;
		};
		84325D6FE21F21BC302EDABB /* [CP] Check Pods Manifest.lock */ = {
			isa = PBXShellScriptBuildPhase;
			buildActionMask = 2147483647;
			files = (
			);
			inputFileListPaths = (
			);
			inputPaths = (
				"${PODS_PODFILE_DIR_PATH}/Podfile.lock",
				"${PODS_ROOT}/Manifest.lock",
			);
			name = "[CP] Check Pods Manifest.lock";
			outputFileListPaths = (
			);
			outputPaths = (
				"$(DERIVED_FILE_DIR)/Pods-ParstagramTests-checkManifestLockResult.txt",
			);
			runOnlyForDeploymentPostprocessing = 0;
			shellPath = /bin/sh;
			shellScript = "diff \"${PODS_PODFILE_DIR_PATH}/Podfile.lock\" \"${PODS_ROOT}/Manifest.lock\" > /dev/null\nif [ $? != 0 ] ; then\n    # print error to STDERR\n    echo \"error: The sandbox is not in sync with the Podfile.lock. Run 'pod install' or update your CocoaPods installation.\" >&2\n    exit 1\nfi\n# This output is used by Xcode 'outputs' to avoid re-running this script phase.\necho \"SUCCESS\" > \"${SCRIPT_OUTPUT_FILE_0}\"\n";
			showEnvVarsInLog = 0;
		};
		A5F379B5B2647485892A2F56 /* [CP] Check Pods Manifest.lock */ = {
			isa = PBXShellScriptBuildPhase;
			buildActionMask = 2147483647;
			files = (
			);
			inputFileListPaths = (
			);
			inputPaths = (
				"${PODS_PODFILE_DIR_PATH}/Podfile.lock",
				"${PODS_ROOT}/Manifest.lock",
			);
			name = "[CP] Check Pods Manifest.lock";
			outputFileListPaths = (
			);
			outputPaths = (
				"$(DERIVED_FILE_DIR)/Pods-Parstagram-checkManifestLockResult.txt",
			);
			runOnlyForDeploymentPostprocessing = 0;
			shellPath = /bin/sh;
			shellScript = "diff \"${PODS_PODFILE_DIR_PATH}/Podfile.lock\" \"${PODS_ROOT}/Manifest.lock\" > /dev/null\nif [ $? != 0 ] ; then\n    # print error to STDERR\n    echo \"error: The sandbox is not in sync with the Podfile.lock. Run 'pod install' or update your CocoaPods installation.\" >&2\n    exit 1\nfi\n# This output is used by Xcode 'outputs' to avoid re-running this script phase.\necho \"SUCCESS\" > \"${SCRIPT_OUTPUT_FILE_0}\"\n";
			showEnvVarsInLog = 0;
		};
		B2357491FFEC270C223FA5F8 /* [CP] Embed Pods Frameworks */ = {
			isa = PBXShellScriptBuildPhase;
			buildActionMask = 2147483647;
			files = (
			);
			inputFileListPaths = (
				"${PODS_ROOT}/Target Support Files/Pods-Parstagram-ParstagramUITests/Pods-Parstagram-ParstagramUITests-frameworks-${CONFIGURATION}-input-files.xcfilelist",
			);
			name = "[CP] Embed Pods Frameworks";
			outputFileListPaths = (
				"${PODS_ROOT}/Target Support Files/Pods-Parstagram-ParstagramUITests/Pods-Parstagram-ParstagramUITests-frameworks-${CONFIGURATION}-output-files.xcfilelist",
			);
			runOnlyForDeploymentPostprocessing = 0;
			shellPath = /bin/sh;
			shellScript = "\"${PODS_ROOT}/Target Support Files/Pods-Parstagram-ParstagramUITests/Pods-Parstagram-ParstagramUITests-frameworks.sh\"\n";
			showEnvVarsInLog = 0;
		};
		E973A3C448BFE9E8D0D6DDB6 /* [CP] Check Pods Manifest.lock */ = {
			isa = PBXShellScriptBuildPhase;
			buildActionMask = 2147483647;
			files = (
			);
			inputFileListPaths = (
			);
			inputPaths = (
				"${PODS_PODFILE_DIR_PATH}/Podfile.lock",
				"${PODS_ROOT}/Manifest.lock",
			);
			name = "[CP] Check Pods Manifest.lock";
			outputFileListPaths = (
			);
			outputPaths = (
				"$(DERIVED_FILE_DIR)/Pods-Parstagram-ParstagramUITests-checkManifestLockResult.txt",
			);
			runOnlyForDeploymentPostprocessing = 0;
			shellPath = /bin/sh;
			shellScript = "diff \"${PODS_PODFILE_DIR_PATH}/Podfile.lock\" \"${PODS_ROOT}/Manifest.lock\" > /dev/null\nif [ $? != 0 ] ; then\n    # print error to STDERR\n    echo \"error: The sandbox is not in sync with the Podfile.lock. Run 'pod install' or update your CocoaPods installation.\" >&2\n    exit 1\nfi\n# This output is used by Xcode 'outputs' to avoid re-running this script phase.\necho \"SUCCESS\" > \"${SCRIPT_OUTPUT_FILE_0}\"\n";
			showEnvVarsInLog = 0;
		};
/* End PBXShellScriptBuildPhase section */

/* Begin PBXSourcesBuildPhase section */
		8CC2FC9027F3F82F006D756A /* Sources */ = {
			isa = PBXSourcesBuildPhase;
			buildActionMask = 2147483647;
			files = (
				8C4AF39A27F400B30091609C /* LoginViewController.swift in Sources */,
				8C4AF39E27F4054A0091609C /* CameraViewController.swift in Sources */,
				8CC2FC9827F3F82F006D756A /* AppDelegate.swift in Sources */,
				8C4AF39C27F400C00091609C /* FeedViewController.swift in Sources */,
				8CC2FC9A27F3F82F006D756A /* SceneDelegate.swift in Sources */,
				8C4AF3A027F40C370091609C /* PostCell.swift in Sources */,
				8C4AF3A227F4158D0091609C /* CommentCell.swift in Sources */,
			);
			runOnlyForDeploymentPostprocessing = 0;
		};
		8CC2FCA627F3F834006D756A /* Sources */ = {
			isa = PBXSourcesBuildPhase;
			buildActionMask = 2147483647;
			files = (
				8CC2FCAF27F3F834006D756A /* ParstagramTests.swift in Sources */,
			);
			runOnlyForDeploymentPostprocessing = 0;
		};
		8CC2FCB027F3F834006D756A /* Sources */ = {
			isa = PBXSourcesBuildPhase;
			buildActionMask = 2147483647;
			files = (
				8CC2FCBB27F3F834006D756A /* ParstagramUITestsLaunchTests.swift in Sources */,
				8CC2FCB927F3F834006D756A /* ParstagramUITests.swift in Sources */,
			);
			runOnlyForDeploymentPostprocessing = 0;
		};
/* End PBXSourcesBuildPhase section */

/* Begin PBXTargetDependency section */
		8CC2FCAC27F3F834006D756A /* PBXTargetDependency */ = {
			isa = PBXTargetDependency;
			target = 8CC2FC9327F3F82F006D756A /* Parstagram */;
			targetProxy = 8CC2FCAB27F3F834006D756A /* PBXContainerItemProxy */;
		};
		8CC2FCB627F3F834006D756A /* PBXTargetDependency */ = {
			isa = PBXTargetDependency;
			target = 8CC2FC9327F3F82F006D756A /* Parstagram */;
			targetProxy = 8CC2FCB527F3F834006D756A /* PBXContainerItemProxy */;
		};
/* End PBXTargetDependency section */

/* Begin PBXVariantGroup section */
		8CC2FC9D27F3F82F006D756A /* Main.storyboard */ = {
			isa = PBXVariantGroup;
			children = (
				8CC2FC9E27F3F82F006D756A /* Base */,
			);
			name = Main.storyboard;
			sourceTree = "<group>";
		};
		8CC2FCA227F3F833006D756A /* LaunchScreen.storyboard */ = {
			isa = PBXVariantGroup;
			children = (
				8CC2FCA327F3F833006D756A /* Base */,
			);
			name = LaunchScreen.storyboard;
			sourceTree = "<group>";
		};
/* End PBXVariantGroup section */

/* Begin XCBuildConfiguration section */
		8CC2FCBC27F3F834006D756A /* Debug */ = {
			isa = XCBuildConfiguration;
			buildSettings = {
				ALWAYS_SEARCH_USER_PATHS = NO;
				CLANG_ANALYZER_NONNULL = YES;
				CLANG_ANALYZER_NUMBER_OBJECT_CONVERSION = YES_AGGRESSIVE;
				CLANG_CXX_LANGUAGE_STANDARD = "gnu++17";
				CLANG_CXX_LIBRARY = "libc++";
				CLANG_ENABLE_MODULES = YES;
				CLANG_ENABLE_OBJC_ARC = YES;
				CLANG_ENABLE_OBJC_WEAK = YES;
				CLANG_WARN_BLOCK_CAPTURE_AUTORELEASING = YES;
				CLANG_WARN_BOOL_CONVERSION = YES;
				CLANG_WARN_COMMA = YES;
				CLANG_WARN_CONSTANT_CONVERSION = YES;
				CLANG_WARN_DEPRECATED_OBJC_IMPLEMENTATIONS = YES;
				CLANG_WARN_DIRECT_OBJC_ISA_USAGE = YES_ERROR;
				CLANG_WARN_DOCUMENTATION_COMMENTS = YES;
				CLANG_WARN_EMPTY_BODY = YES;
				CLANG_WARN_ENUM_CONVERSION = YES;
				CLANG_WARN_INFINITE_RECURSION = YES;
				CLANG_WARN_INT_CONVERSION = YES;
				CLANG_WARN_NON_LITERAL_NULL_CONVERSION = YES;
				CLANG_WARN_OBJC_IMPLICIT_RETAIN_SELF = YES;
				CLANG_WARN_OBJC_LITERAL_CONVERSION = YES;
				CLANG_WARN_OBJC_ROOT_CLASS = YES_ERROR;
				CLANG_WARN_QUOTED_INCLUDE_IN_FRAMEWORK_HEADER = YES;
				CLANG_WARN_RANGE_LOOP_ANALYSIS = YES;
				CLANG_WARN_STRICT_PROTOTYPES = YES;
				CLANG_WARN_SUSPICIOUS_MOVE = YES;
				CLANG_WARN_UNGUARDED_AVAILABILITY = YES_AGGRESSIVE;
				CLANG_WARN_UNREACHABLE_CODE = YES;
				CLANG_WARN__DUPLICATE_METHOD_MATCH = YES;
				COPY_PHASE_STRIP = NO;
				DEBUG_INFORMATION_FORMAT = dwarf;
				ENABLE_STRICT_OBJC_MSGSEND = YES;
				ENABLE_TESTABILITY = YES;
				GCC_C_LANGUAGE_STANDARD = gnu11;
				GCC_DYNAMIC_NO_PIC = NO;
				GCC_NO_COMMON_BLOCKS = YES;
				GCC_OPTIMIZATION_LEVEL = 0;
				GCC_PREPROCESSOR_DEFINITIONS = (
					"DEBUG=1",
					"$(inherited)",
				);
				GCC_WARN_64_TO_32_BIT_CONVERSION = YES;
				GCC_WARN_ABOUT_RETURN_TYPE = YES_ERROR;
				GCC_WARN_UNDECLARED_SELECTOR = YES;
				GCC_WARN_UNINITIALIZED_AUTOS = YES_AGGRESSIVE;
				GCC_WARN_UNUSED_FUNCTION = YES;
				GCC_WARN_UNUSED_VARIABLE = YES;
				IPHONEOS_DEPLOYMENT_TARGET = 15.0;
				MTL_ENABLE_DEBUG_INFO = INCLUDE_SOURCE;
				MTL_FAST_MATH = YES;
				ONLY_ACTIVE_ARCH = YES;
				SDKROOT = iphoneos;
				SWIFT_ACTIVE_COMPILATION_CONDITIONS = DEBUG;
				SWIFT_OPTIMIZATION_LEVEL = "-Onone";
			};
			name = Debug;
		};
		8CC2FCBD27F3F834006D756A /* Release */ = {
			isa = XCBuildConfiguration;
			buildSettings = {
				ALWAYS_SEARCH_USER_PATHS = NO;
				CLANG_ANALYZER_NONNULL = YES;
				CLANG_ANALYZER_NUMBER_OBJECT_CONVERSION = YES_AGGRESSIVE;
				CLANG_CXX_LANGUAGE_STANDARD = "gnu++17";
				CLANG_CXX_LIBRARY = "libc++";
				CLANG_ENABLE_MODULES = YES;
				CLANG_ENABLE_OBJC_ARC = YES;
				CLANG_ENABLE_OBJC_WEAK = YES;
				CLANG_WARN_BLOCK_CAPTURE_AUTORELEASING = YES;
				CLANG_WARN_BOOL_CONVERSION = YES;
				CLANG_WARN_COMMA = YES;
				CLANG_WARN_CONSTANT_CONVERSION = YES;
				CLANG_WARN_DEPRECATED_OBJC_IMPLEMENTATIONS = YES;
				CLANG_WARN_DIRECT_OBJC_ISA_USAGE = YES_ERROR;
				CLANG_WARN_DOCUMENTATION_COMMENTS = YES;
				CLANG_WARN_EMPTY_BODY = YES;
				CLANG_WARN_ENUM_CONVERSION = YES;
				CLANG_WARN_INFINITE_RECURSION = YES;
				CLANG_WARN_INT_CONVERSION = YES;
				CLANG_WARN_NON_LITERAL_NULL_CONVERSION = YES;
				CLANG_WARN_OBJC_IMPLICIT_RETAIN_SELF = YES;
				CLANG_WARN_OBJC_LITERAL_CONVERSION = YES;
				CLANG_WARN_OBJC_ROOT_CLASS = YES_ERROR;
				CLANG_WARN_QUOTED_INCLUDE_IN_FRAMEWORK_HEADER = YES;
				CLANG_WARN_RANGE_LOOP_ANALYSIS = YES;
				CLANG_WARN_STRICT_PROTOTYPES = YES;
				CLANG_WARN_SUSPICIOUS_MOVE = YES;
				CLANG_WARN_UNGUARDED_AVAILABILITY = YES_AGGRESSIVE;
				CLANG_WARN_UNREACHABLE_CODE = YES;
				CLANG_WARN__DUPLICATE_METHOD_MATCH = YES;
				COPY_PHASE_STRIP = NO;
				DEBUG_INFORMATION_FORMAT = "dwarf-with-dsym";
				ENABLE_NS_ASSERTIONS = NO;
				ENABLE_STRICT_OBJC_MSGSEND = YES;
				GCC_C_LANGUAGE_STANDARD = gnu11;
				GCC_NO_COMMON_BLOCKS = YES;
				GCC_WARN_64_TO_32_BIT_CONVERSION = YES;
				GCC_WARN_ABOUT_RETURN_TYPE = YES_ERROR;
				GCC_WARN_UNDECLARED_SELECTOR = YES;
				GCC_WARN_UNINITIALIZED_AUTOS = YES_AGGRESSIVE;
				GCC_WARN_UNUSED_FUNCTION = YES;
				GCC_WARN_UNUSED_VARIABLE = YES;
				IPHONEOS_DEPLOYMENT_TARGET = 15.0;
				MTL_ENABLE_DEBUG_INFO = NO;
				MTL_FAST_MATH = YES;
				SDKROOT = iphoneos;
				SWIFT_COMPILATION_MODE = wholemodule;
				SWIFT_OPTIMIZATION_LEVEL = "-O";
				VALIDATE_PRODUCT = YES;
			};
			name = Release;
		};
		8CC2FCBF27F3F834006D756A /* Debug */ = {
			isa = XCBuildConfiguration;
			baseConfigurationReference = 8277F90547B068345757F487 /* Pods-Parstagram.debug.xcconfig */;
			buildSettings = {
				ASSETCATALOG_COMPILER_APPICON_NAME = AppIcon;
				ASSETCATALOG_COMPILER_GLOBAL_ACCENT_COLOR_NAME = AccentColor;
				CODE_SIGN_STYLE = Automatic;
				CURRENT_PROJECT_VERSION = 1;
				DEVELOPMENT_TEAM = T7F5XNBUM8;
				GENERATE_INFOPLIST_FILE = YES;
				INFOPLIST_FILE = Parstagram/Info.plist;
				INFOPLIST_KEY_UIApplicationSupportsIndirectInputEvents = YES;
				INFOPLIST_KEY_UILaunchStoryboardName = LaunchScreen;
				INFOPLIST_KEY_UIMainStoryboardFile = Main;
				INFOPLIST_KEY_UISupportedInterfaceOrientations_iPad = "UIInterfaceOrientationPortrait UIInterfaceOrientationPortraitUpsideDown UIInterfaceOrientationLandscapeLeft UIInterfaceOrientationLandscapeRight";
				INFOPLIST_KEY_UISupportedInterfaceOrientations_iPhone = "UIInterfaceOrientationPortrait UIInterfaceOrientationLandscapeLeft UIInterfaceOrientationLandscapeRight";
				LD_RUNPATH_SEARCH_PATHS = (
					"$(inherited)",
					"@executable_path/Frameworks",
				);
				MARKETING_VERSION = 3.0;
				PRODUCT_BUNDLE_IDENTIFIER = com.NikitaW.Parstagram;
				PRODUCT_NAME = "$(TARGET_NAME)";
				SWIFT_EMIT_LOC_STRINGS = YES;
				SWIFT_VERSION = 5.0;
				TARGETED_DEVICE_FAMILY = "1,2";
			};
			name = Debug;
		};
		8CC2FCC027F3F834006D756A /* Release */ = {
			isa = XCBuildConfiguration;
			baseConfigurationReference = 3ABFF014C7AED2CD8C5E3776 /* Pods-Parstagram.release.xcconfig */;
			buildSettings = {
				ASSETCATALOG_COMPILER_APPICON_NAME = AppIcon;
				ASSETCATALOG_COMPILER_GLOBAL_ACCENT_COLOR_NAME = AccentColor;
				CODE_SIGN_STYLE = Automatic;
				CURRENT_PROJECT_VERSION = 1;
				DEVELOPMENT_TEAM = T7F5XNBUM8;
				GENERATE_INFOPLIST_FILE = YES;
				INFOPLIST_FILE = Parstagram/Info.plist;
				INFOPLIST_KEY_UIApplicationSupportsIndirectInputEvents = YES;
				INFOPLIST_KEY_UILaunchStoryboardName = LaunchScreen;
				INFOPLIST_KEY_UIMainStoryboardFile = Main;
				INFOPLIST_KEY_UISupportedInterfaceOrientations_iPad = "UIInterfaceOrientationPortrait UIInterfaceOrientationPortraitUpsideDown UIInterfaceOrientationLandscapeLeft UIInterfaceOrientationLandscapeRight";
				INFOPLIST_KEY_UISupportedInterfaceOrientations_iPhone = "UIInterfaceOrientationPortrait UIInterfaceOrientationLandscapeLeft UIInterfaceOrientationLandscapeRight";
				LD_RUNPATH_SEARCH_PATHS = (
					"$(inherited)",
					"@executable_path/Frameworks",
				);
				MARKETING_VERSION = 3.0;
				PRODUCT_BUNDLE_IDENTIFIER = com.NikitaW.Parstagram;
				PRODUCT_NAME = "$(TARGET_NAME)";
				SWIFT_EMIT_LOC_STRINGS = YES;
				SWIFT_VERSION = 5.0;
				TARGETED_DEVICE_FAMILY = "1,2";
			};
			name = Release;
		};
		8CC2FCC227F3F834006D756A /* Debug */ = {
			isa = XCBuildConfiguration;
			baseConfigurationReference = E135302BCB32F09A1293C732 /* Pods-ParstagramTests.debug.xcconfig */;
			buildSettings = {
				ALWAYS_EMBED_SWIFT_STANDARD_LIBRARIES = YES;
				BUNDLE_LOADER = "$(TEST_HOST)";
				CODE_SIGN_STYLE = Automatic;
				CURRENT_PROJECT_VERSION = 1;
				DEVELOPMENT_TEAM = 4NP386MC47;
				GENERATE_INFOPLIST_FILE = YES;
				IPHONEOS_DEPLOYMENT_TARGET = 15.0;
				LD_RUNPATH_SEARCH_PATHS = (
					"$(inherited)",
					"@executable_path/Frameworks",
					"@loader_path/Frameworks",
				);
				MARKETING_VERSION = 1.0;
				PRODUCT_BUNDLE_IDENTIFIER = com.elysiahung.ParstagramTests;
				PRODUCT_NAME = "$(TARGET_NAME)";
				SWIFT_EMIT_LOC_STRINGS = NO;
				SWIFT_VERSION = 5.0;
				TARGETED_DEVICE_FAMILY = "1,2";
				TEST_HOST = "$(BUILT_PRODUCTS_DIR)/Parstagram.app/Parstagram";
			};
			name = Debug;
		};
		8CC2FCC327F3F834006D756A /* Release */ = {
			isa = XCBuildConfiguration;
			baseConfigurationReference = 241B1EA7CF7EB120220AA930 /* Pods-ParstagramTests.release.xcconfig */;
			buildSettings = {
				ALWAYS_EMBED_SWIFT_STANDARD_LIBRARIES = YES;
				BUNDLE_LOADER = "$(TEST_HOST)";
				CODE_SIGN_STYLE = Automatic;
				CURRENT_PROJECT_VERSION = 1;
				DEVELOPMENT_TEAM = 4NP386MC47;
				GENERATE_INFOPLIST_FILE = YES;
				IPHONEOS_DEPLOYMENT_TARGET = 15.0;
				LD_RUNPATH_SEARCH_PATHS = (
					"$(inherited)",
					"@executable_path/Frameworks",
					"@loader_path/Frameworks",
				);
				MARKETING_VERSION = 1.0;
				PRODUCT_BUNDLE_IDENTIFIER = com.elysiahung.ParstagramTests;
				PRODUCT_NAME = "$(TARGET_NAME)";
				SWIFT_EMIT_LOC_STRINGS = NO;
				SWIFT_VERSION = 5.0;
				TARGETED_DEVICE_FAMILY = "1,2";
				TEST_HOST = "$(BUILT_PRODUCTS_DIR)/Parstagram.app/Parstagram";
			};
			name = Release;
		};
		8CC2FCC527F3F834006D756A /* Debug */ = {
			isa = XCBuildConfiguration;
			baseConfigurationReference = 295765EEBB26DCB18CCAABCB /* Pods-Parstagram-ParstagramUITests.debug.xcconfig */;
			buildSettings = {
				ALWAYS_EMBED_SWIFT_STANDARD_LIBRARIES = YES;
				CODE_SIGN_STYLE = Automatic;
				CURRENT_PROJECT_VERSION = 1;
				DEVELOPMENT_TEAM = 4NP386MC47;
				GENERATE_INFOPLIST_FILE = YES;
				LD_RUNPATH_SEARCH_PATHS = (
					"$(inherited)",
					"@executable_path/Frameworks",
					"@loader_path/Frameworks",
				);
				MARKETING_VERSION = 1.0;
				PRODUCT_BUNDLE_IDENTIFIER = com.elysiahung.ParstagramUITests;
				PRODUCT_NAME = "$(TARGET_NAME)";
				SWIFT_EMIT_LOC_STRINGS = NO;
				SWIFT_VERSION = 5.0;
				TARGETED_DEVICE_FAMILY = "1,2";
				TEST_TARGET_NAME = Parstagram;
			};
			name = Debug;
		};
		8CC2FCC627F3F834006D756A /* Release */ = {
			isa = XCBuildConfiguration;
			baseConfigurationReference = A50BB56D6C4FDDF3B616943E /* Pods-Parstagram-ParstagramUITests.release.xcconfig */;
			buildSettings = {
				ALWAYS_EMBED_SWIFT_STANDARD_LIBRARIES = YES;
				CODE_SIGN_STYLE = Automatic;
				CURRENT_PROJECT_VERSION = 1;
				DEVELOPMENT_TEAM = 4NP386MC47;
				GENERATE_INFOPLIST_FILE = YES;
				LD_RUNPATH_SEARCH_PATHS = (
					"$(inherited)",
					"@executable_path/Frameworks",
					"@loader_path/Frameworks",
				);
				MARKETING_VERSION = 1.0;
				PRODUCT_BUNDLE_IDENTIFIER = com.elysiahung.ParstagramUITests;
				PRODUCT_NAME = "$(TARGET_NAME)";
				SWIFT_EMIT_LOC_STRINGS = NO;
				SWIFT_VERSION = 5.0;
				TARGETED_DEVICE_FAMILY = "1,2";
				TEST_TARGET_NAME = Parstagram;
			};
			name = Release;
		};
/* End XCBuildConfiguration section */

/* Begin XCConfigurationList section */
		8CC2FC8F27F3F82F006D756A /* Build configuration list for PBXProject "Parstagram" */ = {
			isa = XCConfigurationList;
			buildConfigurations = (
				8CC2FCBC27F3F834006D756A /* Debug */,
				8CC2FCBD27F3F834006D756A /* Release */,
			);
			defaultConfigurationIsVisible = 0;
			defaultConfigurationName = Release;
		};
		8CC2FCBE27F3F834006D756A /* Build configuration list for PBXNativeTarget "Parstagram" */ = {
			isa = XCConfigurationList;
			buildConfigurations = (
				8CC2FCBF27F3F834006D756A /* Debug */,
				8CC2FCC027F3F834006D756A /* Release */,
			);
			defaultConfigurationIsVisible = 0;
			defaultConfigurationName = Release;
		};
		8CC2FCC127F3F834006D756A /* Build configuration list for PBXNativeTarget "ParstagramTests" */ = {
			isa = XCConfigurationList;
			buildConfigurations = (
				8CC2FCC227F3F834006D756A /* Debug */,
				8CC2FCC327F3F834006D756A /* Release */,
			);
			defaultConfigurationIsVisible = 0;
			defaultConfigurationName = Release;
		};
		8CC2FCC427F3F834006D756A /* Build configuration list for PBXNativeTarget "ParstagramUITests" */ = {
			isa = XCConfigurationList;
			buildConfigurations = (
				8CC2FCC527F3F834006D756A /* Debug */,
				8CC2FCC627F3F834006D756A /* Release */,
			);
			defaultConfigurationIsVisible = 0;
			defaultConfigurationName = Release;
		};
/* End XCConfigurationList section */
	};
	rootObject = 8CC2FC8C27F3F82E006D756A /* Project object */;
}
